
Microsoft Visual Studio Solution File, Format Version 12.00
# Visual Studio Version 17
VisualStudioVersion = 17.12.35527.113
MinimumVisualStudioVersion = 10.0.40219.1
Project("{2150E333-8FDC-42A3-9474-1A3956D46DE8}") = "01-Domain", "01-Domain", "{9473EDDB-16E1-4AE2-89C4-2F40E51C98B9}"
EndProject
Project("{2150E333-8FDC-42A3-9474-1A3956D46DE8}") = "02-Core", "02-Core", "{F837326E-B73A-4E13-A778-287A702B6186}"
EndProject
Project("{2150E333-8FDC-42A3-9474-1A3956D46DE8}") = "03-Persistence", "03-Persistence", "{9A2BBEFE-7378-4E84-8FB7-920BF32C2283}"
EndProject
Project("{2150E333-8FDC-42A3-9474-1A3956D46DE8}") = "04-Infrastructure", "04-Infrastructure", "{35DF9287-EACE-4D56-8C69-1B17F4D92991}"
EndProject
Project("{2150E333-8FDC-42A3-9474-1A3956D46DE8}") = "05-Api", "05-Api", "{3BB78DC1-BDFA-49ED-842C-5F8C429CBD78}"
EndProject
Project("{2150E333-8FDC-42A3-9474-1A3956D46DE8}") = "06-Frontend", "06-Frontend", "{D72F2EFB-852B-4E1E-B0C0-C09859F94597}"
EndProject
Project("{2150E333-8FDC-42A3-9474-1A3956D46DE8}") = "07-Test", "07-Test", "{468032D0-E99B-4DCC-B9D1-869C131947C5}"
EndProject
Project("{FAE04EC0-301F-11D3-BF4B-00C04F79EFBC}") = "Domain", "Domain\Domain.csproj", "{7A1CD8DD-35C9-43B1-994C-CAA61CB8FD69}"
EndProject
Project("{FAE04EC0-301F-11D3-BF4B-00C04F79EFBC}") = "Domain.Test", "Domain.Test\Domain.Test.csproj", "{1D14F906-5CF7-43C6-B592-28938C3A7740}"
EndProject
Project("{2150E333-8FDC-42A3-9474-1A3956D46DE8}") = "Solution Items", "Solution Items", "{E57C4433-9752-46A2-A4ED-AB145B60EA56}"
	ProjectSection(SolutionItems) = preProject
		.editorconfig = .editorconfig
	EndProjectSection
EndProject
Project("{FAE04EC0-301F-11D3-BF4B-00C04F79EFBC}") = "Autodesk.Domain", "Autodesk.Domain\Autodesk.Domain.csproj", "{F837E49F-E795-425E-A523-7978C0BC630F}"
EndProject
Project("{FAE04EC0-301F-11D3-BF4B-00C04F79EFBC}") = "Autodesk.Domain.Test", "Autodesk.Domain.Test\Autodesk.Domain.Test.csproj", "{92DC1018-8322-4E1E-9B6F-4470C3FC7B2B}"
EndProject
Project("{2150E333-8FDC-42A3-9474-1A3956D46DE8}") = "01-Domain", "01-Domain", "{BB94F4B9-5D3A-4586-B7C7-2AD16C1FC64B}"
EndProject
Project("{FAE04EC0-301F-11D3-BF4B-00C04F79EFBC}") = "Persistence", "Persistence\Persistence.csproj", "{17FD90D9-8B50-4536-866A-FFB28BCCB238}"
EndProject
Project("{2150E333-8FDC-42A3-9474-1A3956D46DE8}") = "03-Persistence", "03-Persistence", "{C91728B0-59D9-46C8-A380-CEFA17D9BB32}"
EndProject
Project("{FAE04EC0-301F-11D3-BF4B-00C04F79EFBC}") = "Persistence.Test", "Persistence.Test\Persistence.Test.csproj", "{6BAA30D3-863B-406D-ACAF-8C2660D12FE0}"
EndProject
Project("{FAE04EC0-301F-11D3-BF4B-00C04F79EFBC}") = "Application", "Application\Application.csproj", "{2CBDA97D-E779-49F8-A54C-9667062BB36E}"
EndProject
Project("{2150E333-8FDC-42A3-9474-1A3956D46DE8}") = "02-Core", "02-Core", "{CB85B7D1-C474-4164-9BE5-89AB9B460048}"
EndProject
Project("{FAE04EC0-301F-11D3-BF4B-00C04F79EFBC}") = "Autodesk.Application", "Autodesk.Application\Autodesk.Application.csproj", "{9BCA326B-45F1-4A1E-8A33-1DC02073FB50}"
EndProject
Project("{FAE04EC0-301F-11D3-BF4B-00C04F79EFBC}") = "Autodesk.Persistence", "Autodesk.Persistence\Autodesk.Persistence.csproj", "{9721864E-84F5-4805-8112-9E337831C733}"
EndProject
Project("{FAE04EC0-301F-11D3-BF4B-00C04F79EFBC}") = "Autodesk.Persistence.Test", "Autodesk.Persistence.Test\Autodesk.Persistence.Test.csproj", "{6B0E2BEC-6601-453A-A6E2-5A21EBFFD0E4}"
EndProject
Project("{2150E333-8FDC-42A3-9474-1A3956D46DE8}") = "04-Infrastructure", "04-Infrastructure", "{4CA1CD0E-B89C-403E-8BAF-AB5C6341C47A}"
EndProject
Project("{FAE04EC0-301F-11D3-BF4B-00C04F79EFBC}") = "Infrastructure", "Infrastructure\Infrastructure.csproj", "{E58D8346-7F46-4A20-8444-7A2C583C0D20}"
EndProject
Project("{FAE04EC0-301F-11D3-BF4B-00C04F79EFBC}") = "Autodesk.Infrastructure", "Autodesk.Infrastructure\Autodesk.Infrastructure.csproj", "{5D9E8588-3F04-49E6-BCA6-D191D675A1D0}"
EndProject
Project("{FAE04EC0-301F-11D3-BF4B-00C04F79EFBC}") = "Autodesk.Infrastructure.Test", "Autodesk.Infrastructure.Test\Autodesk.Infrastructure.Test.csproj", "{84C1A2EF-7292-453A-A9EF-882C41E3EA1B}"
EndProject
Project("{FAE04EC0-301F-11D3-BF4B-00C04F79EFBC}") = "Autodesk.Api", "Autodesk.Api\Autodesk.Api.csproj", "{86C79CCE-413A-4816-9033-5C44593A806D}"
EndProject
Project("{FAE04EC0-301F-11D3-BF4B-00C04F79EFBC}") = "Autodesk.Members.Portal", "Autodesk.Members.Portal\Autodesk.Members.Portal.csproj", "{98610C6D-2D03-4CC5-B9A4-9C2C3197882F}"
EndProject
Project("{2150E333-8FDC-42A3-9474-1A3956D46DE8}") = "05-Api", "05-Api", "{9239CDF7-B91D-454C-AE75-09DDC5C95C03}"
EndProject
Project("{FAE04EC0-301F-11D3-BF4B-00C04F79EFBC}") = "Autodesk.Shared", "Autodesk.Shared\Autodesk.Shared.csproj", "{5C77CE07-C06E-499B-92C3-C288A6FDD150}"
EndProject
Project("{FAE04EC0-301F-11D3-BF4B-00C04F79EFBC}") = "Autodesk.Shared.Test", "Autodesk.Shared.Test\Autodesk.Shared.Test.csproj", "{5A4B2C8D-748C-41CA-B589-6E90CEEEED4C}"
EndProject
Project("{FAE04EC0-301F-11D3-BF4B-00C04F79EFBC}") = "LiveNetwork.Domain", "LiveNetwork.Domain\LiveNetwork.Domain.csproj", "{4D541BA5-112C-65FA-CAD4-E61C7F250C01}"
EndProject
Project("{FAE04EC0-301F-11D3-BF4B-00C04F79EFBC}") = "LiveNetwork.Application", "LiveNetwork.Application\LiveNetwork.Application.csproj", "{3D197651-113B-638F-6830-0CD7539303F6}"
EndProject
Project("{FAE04EC0-301F-11D3-BF4B-00C04F79EFBC}") = "Configuration", "Configuration\Configuration.csproj", "{4DC63F6D-F224-25D5-BB69-94B9DD95C085}"
EndProject
Project("{FAE04EC0-301F-11D3-BF4B-00C04F79EFBC}") = "LiveNetwork.Infrastructure", "LiveNetwork.Infrastructure\LiveNetwork.Infrastructure.csproj", "{EE066B5F-FE42-449D-A5D7-2F1A6E380543}"
EndProject
Project("{FAE04EC0-301F-11D3-BF4B-00C04F79EFBC}") = "Api", "Api\Api.csproj", "{F4007A52-62BA-457F-9E05-426230EEACE3}"
EndProject
Project("{2150E333-8FDC-42A3-9474-1A3956D46DE8}") = "08-Tooling", "08-Tooling", "{02EA681E-C7D8-13C7-8484-4AC65E1B71E8}"
EndProject
Project("{FAE04EC0-301F-11D3-BF4B-00C04F79EFBC}") = "Commands", "Commands\Commands.csproj", "{946C372F-1463-01F5-14DA-5DD05B590145}"
EndProject
Project("{FAE04EC0-301F-11D3-BF4B-00C04F79EFBC}") = "LiveNetwork.CLI", "LiveNetwork.CLI\LiveNetwork.CLI.csproj", "{40ECA035-D8AB-4D9A-BB3A-5486AA4DA760}"
EndProject
Global
	GlobalSection(SolutionConfigurationPlatforms) = preSolution
		Debug|Any CPU = Debug|Any CPU
		Release|Any CPU = Release|Any CPU
	EndGlobalSection
	GlobalSection(ProjectConfigurationPlatforms) = postSolution
		{7A1CD8DD-35C9-43B1-994C-CAA61CB8FD69}.Debug|Any CPU.ActiveCfg = Debug|Any CPU
		{7A1CD8DD-35C9-43B1-994C-CAA61CB8FD69}.Debug|Any CPU.Build.0 = Debug|Any CPU
		{7A1CD8DD-35C9-43B1-994C-CAA61CB8FD69}.Release|Any CPU.ActiveCfg = Release|Any CPU
		{7A1CD8DD-35C9-43B1-994C-CAA61CB8FD69}.Release|Any CPU.Build.0 = Release|Any CPU
		{1D14F906-5CF7-43C6-B592-28938C3A7740}.Debug|Any CPU.ActiveCfg = Debug|Any CPU
		{1D14F906-5CF7-43C6-B592-28938C3A7740}.Debug|Any CPU.Build.0 = Debug|Any CPU
		{1D14F906-5CF7-43C6-B592-28938C3A7740}.Release|Any CPU.ActiveCfg = Release|Any CPU
		{1D14F906-5CF7-43C6-B592-28938C3A7740}.Release|Any CPU.Build.0 = Release|Any CPU
		{F837E49F-E795-425E-A523-7978C0BC630F}.Debug|Any CPU.ActiveCfg = Debug|Any CPU
		{F837E49F-E795-425E-A523-7978C0BC630F}.Debug|Any CPU.Build.0 = Debug|Any CPU
		{F837E49F-E795-425E-A523-7978C0BC630F}.Release|Any CPU.ActiveCfg = Release|Any CPU
		{F837E49F-E795-425E-A523-7978C0BC630F}.Release|Any CPU.Build.0 = Release|Any CPU
		{92DC1018-8322-4E1E-9B6F-4470C3FC7B2B}.Debug|Any CPU.ActiveCfg = Debug|Any CPU
		{92DC1018-8322-4E1E-9B6F-4470C3FC7B2B}.Debug|Any CPU.Build.0 = Debug|Any CPU
		{92DC1018-8322-4E1E-9B6F-4470C3FC7B2B}.Release|Any CPU.ActiveCfg = Release|Any CPU
		{92DC1018-8322-4E1E-9B6F-4470C3FC7B2B}.Release|Any CPU.Build.0 = Release|Any CPU
		{17FD90D9-8B50-4536-866A-FFB28BCCB238}.Debug|Any CPU.ActiveCfg = Debug|Any CPU
		{17FD90D9-8B50-4536-866A-FFB28BCCB238}.Debug|Any CPU.Build.0 = Debug|Any CPU
		{17FD90D9-8B50-4536-866A-FFB28BCCB238}.Release|Any CPU.ActiveCfg = Release|Any CPU
		{17FD90D9-8B50-4536-866A-FFB28BCCB238}.Release|Any CPU.Build.0 = Release|Any CPU
		{6BAA30D3-863B-406D-ACAF-8C2660D12FE0}.Debug|Any CPU.ActiveCfg = Debug|Any CPU
		{6BAA30D3-863B-406D-ACAF-8C2660D12FE0}.Debug|Any CPU.Build.0 = Debug|Any CPU
		{6BAA30D3-863B-406D-ACAF-8C2660D12FE0}.Release|Any CPU.ActiveCfg = Release|Any CPU
		{6BAA30D3-863B-406D-ACAF-8C2660D12FE0}.Release|Any CPU.Build.0 = Release|Any CPU
		{2CBDA97D-E779-49F8-A54C-9667062BB36E}.Debug|Any CPU.ActiveCfg = Debug|Any CPU
		{2CBDA97D-E779-49F8-A54C-9667062BB36E}.Debug|Any CPU.Build.0 = Debug|Any CPU
		{2CBDA97D-E779-49F8-A54C-9667062BB36E}.Release|Any CPU.ActiveCfg = Release|Any CPU
		{2CBDA97D-E779-49F8-A54C-9667062BB36E}.Release|Any CPU.Build.0 = Release|Any CPU
		{9BCA326B-45F1-4A1E-8A33-1DC02073FB50}.Debug|Any CPU.ActiveCfg = Debug|Any CPU
		{9BCA326B-45F1-4A1E-8A33-1DC02073FB50}.Debug|Any CPU.Build.0 = Debug|Any CPU
		{9BCA326B-45F1-4A1E-8A33-1DC02073FB50}.Release|Any CPU.ActiveCfg = Release|Any CPU
		{9BCA326B-45F1-4A1E-8A33-1DC02073FB50}.Release|Any CPU.Build.0 = Release|Any CPU
		{9721864E-84F5-4805-8112-9E337831C733}.Debug|Any CPU.ActiveCfg = Debug|Any CPU
		{9721864E-84F5-4805-8112-9E337831C733}.Debug|Any CPU.Build.0 = Debug|Any CPU
		{9721864E-84F5-4805-8112-9E337831C733}.Release|Any CPU.ActiveCfg = Release|Any CPU
		{9721864E-84F5-4805-8112-9E337831C733}.Release|Any CPU.Build.0 = Release|Any CPU
		{6B0E2BEC-6601-453A-A6E2-5A21EBFFD0E4}.Debug|Any CPU.ActiveCfg = Debug|Any CPU
		{6B0E2BEC-6601-453A-A6E2-5A21EBFFD0E4}.Debug|Any CPU.Build.0 = Debug|Any CPU
		{6B0E2BEC-6601-453A-A6E2-5A21EBFFD0E4}.Release|Any CPU.ActiveCfg = Release|Any CPU
		{6B0E2BEC-6601-453A-A6E2-5A21EBFFD0E4}.Release|Any CPU.Build.0 = Release|Any CPU
		{E58D8346-7F46-4A20-8444-7A2C583C0D20}.Debug|Any CPU.ActiveCfg = Debug|Any CPU
		{E58D8346-7F46-4A20-8444-7A2C583C0D20}.Debug|Any CPU.Build.0 = Debug|Any CPU
		{E58D8346-7F46-4A20-8444-7A2C583C0D20}.Release|Any CPU.ActiveCfg = Release|Any CPU
		{E58D8346-7F46-4A20-8444-7A2C583C0D20}.Release|Any CPU.Build.0 = Release|Any CPU
		{5D9E8588-3F04-49E6-BCA6-D191D675A1D0}.Debug|Any CPU.ActiveCfg = Debug|Any CPU
		{5D9E8588-3F04-49E6-BCA6-D191D675A1D0}.Debug|Any CPU.Build.0 = Debug|Any CPU
		{5D9E8588-3F04-49E6-BCA6-D191D675A1D0}.Release|Any CPU.ActiveCfg = Release|Any CPU
		{5D9E8588-3F04-49E6-BCA6-D191D675A1D0}.Release|Any CPU.Build.0 = Release|Any CPU
		{84C1A2EF-7292-453A-A9EF-882C41E3EA1B}.Debug|Any CPU.ActiveCfg = Debug|Any CPU
		{84C1A2EF-7292-453A-A9EF-882C41E3EA1B}.Debug|Any CPU.Build.0 = Debug|Any CPU
		{84C1A2EF-7292-453A-A9EF-882C41E3EA1B}.Release|Any CPU.ActiveCfg = Release|Any CPU
		{84C1A2EF-7292-453A-A9EF-882C41E3EA1B}.Release|Any CPU.Build.0 = Release|Any CPU
		{86C79CCE-413A-4816-9033-5C44593A806D}.Debug|Any CPU.ActiveCfg = Debug|Any CPU
		{86C79CCE-413A-4816-9033-5C44593A806D}.Debug|Any CPU.Build.0 = Debug|Any CPU
		{86C79CCE-413A-4816-9033-5C44593A806D}.Release|Any CPU.ActiveCfg = Release|Any CPU
		{86C79CCE-413A-4816-9033-5C44593A806D}.Release|Any CPU.Build.0 = Release|Any CPU
		{98610C6D-2D03-4CC5-B9A4-9C2C3197882F}.Debug|Any CPU.ActiveCfg = Debug|Any CPU
		{98610C6D-2D03-4CC5-B9A4-9C2C3197882F}.Debug|Any CPU.Build.0 = Debug|Any CPU
		{98610C6D-2D03-4CC5-B9A4-9C2C3197882F}.Release|Any CPU.ActiveCfg = Release|Any CPU
		{98610C6D-2D03-4CC5-B9A4-9C2C3197882F}.Release|Any CPU.Build.0 = Release|Any CPU
		{5C77CE07-C06E-499B-92C3-C288A6FDD150}.Debug|Any CPU.ActiveCfg = Debug|Any CPU
		{5C77CE07-C06E-499B-92C3-C288A6FDD150}.Debug|Any CPU.Build.0 = Debug|Any CPU
		{5C77CE07-C06E-499B-92C3-C288A6FDD150}.Release|Any CPU.ActiveCfg = Release|Any CPU
		{5C77CE07-C06E-499B-92C3-C288A6FDD150}.Release|Any CPU.Build.0 = Release|Any CPU
		{5A4B2C8D-748C-41CA-B589-6E90CEEEED4C}.Debug|Any CPU.ActiveCfg = Debug|Any CPU
		{5A4B2C8D-748C-41CA-B589-6E90CEEEED4C}.Debug|Any CPU.Build.0 = Debug|Any CPU
		{5A4B2C8D-748C-41CA-B589-6E90CEEEED4C}.Release|Any CPU.ActiveCfg = Release|Any CPU
		{5A4B2C8D-748C-41CA-B589-6E90CEEEED4C}.Release|Any CPU.Build.0 = Release|Any CPU
		{4D541BA5-112C-65FA-CAD4-E61C7F250C01}.Debug|Any CPU.ActiveCfg = Debug|Any CPU
		{4D541BA5-112C-65FA-CAD4-E61C7F250C01}.Debug|Any CPU.Build.0 = Debug|Any CPU
		{4D541BA5-112C-65FA-CAD4-E61C7F250C01}.Release|Any CPU.ActiveCfg = Release|Any CPU
		{4D541BA5-112C-65FA-CAD4-E61C7F250C01}.Release|Any CPU.Build.0 = Release|Any CPU
		{3D197651-113B-638F-6830-0CD7539303F6}.Debug|Any CPU.ActiveCfg = Debug|Any CPU
		{3D197651-113B-638F-6830-0CD7539303F6}.Debug|Any CPU.Build.0 = Debug|Any CPU
		{3D197651-113B-638F-6830-0CD7539303F6}.Release|Any CPU.ActiveCfg = Release|Any CPU
		{3D197651-113B-638F-6830-0CD7539303F6}.Release|Any CPU.Build.0 = Release|Any CPU
		{4DC63F6D-F224-25D5-BB69-94B9DD95C085}.Debug|Any CPU.ActiveCfg = Debug|Any CPU
		{4DC63F6D-F224-25D5-BB69-94B9DD95C085}.Debug|Any CPU.Build.0 = Debug|Any CPU
		{4DC63F6D-F224-25D5-BB69-94B9DD95C085}.Release|Any CPU.ActiveCfg = Release|Any CPU
		{4DC63F6D-F224-25D5-BB69-94B9DD95C085}.Release|Any CPU.Build.0 = Release|Any CPU
		{EE066B5F-FE42-449D-A5D7-2F1A6E380543}.Debug|Any CPU.ActiveCfg = Debug|Any CPU
		{EE066B5F-FE42-449D-A5D7-2F1A6E380543}.Debug|Any CPU.Build.0 = Debug|Any CPU
		{EE066B5F-FE42-449D-A5D7-2F1A6E380543}.Release|Any CPU.ActiveCfg = Release|Any CPU
		{EE066B5F-FE42-449D-A5D7-2F1A6E380543}.Release|Any CPU.Build.0 = Release|Any CPU
		{F4007A52-62BA-457F-9E05-426230EEACE3}.Debug|Any CPU.ActiveCfg = Debug|Any CPU
		{F4007A52-62BA-457F-9E05-426230EEACE3}.Debug|Any CPU.Build.0 = Debug|Any CPU
		{F4007A52-62BA-457F-9E05-426230EEACE3}.Release|Any CPU.ActiveCfg = Release|Any CPU
		{F4007A52-62BA-457F-9E05-426230EEACE3}.Release|Any CPU.Build.0 = Release|Any CPU
		{946C372F-1463-01F5-14DA-5DD05B590145}.Debug|Any CPU.ActiveCfg = Debug|Any CPU
		{946C372F-1463-01F5-14DA-5DD05B590145}.Debug|Any CPU.Build.0 = Debug|Any CPU
		{946C372F-1463-01F5-14DA-5DD05B590145}.Release|Any CPU.ActiveCfg = Release|Any CPU
		{946C372F-1463-01F5-14DA-5DD05B590145}.Release|Any CPU.Build.0 = Release|Any CPU
		{40ECA035-D8AB-4D9A-BB3A-5486AA4DA760}.Debug|Any CPU.ActiveCfg = Debug|Any CPU
		{40ECA035-D8AB-4D9A-BB3A-5486AA4DA760}.Debug|Any CPU.Build.0 = Debug|Any CPU
		{40ECA035-D8AB-4D9A-BB3A-5486AA4DA760}.Release|Any CPU.ActiveCfg = Release|Any CPU
		{40ECA035-D8AB-4D9A-BB3A-5486AA4DA760}.Release|Any CPU.Build.0 = Release|Any CPU
	EndGlobalSection
	GlobalSection(SolutionProperties) = preSolution
		HideSolutionNode = FALSE
	EndGlobalSection
	GlobalSection(NestedProjects) = preSolution
		{7A1CD8DD-35C9-43B1-994C-CAA61CB8FD69} = {9473EDDB-16E1-4AE2-89C4-2F40E51C98B9}
		{1D14F906-5CF7-43C6-B592-28938C3A7740} = {BB94F4B9-5D3A-4586-B7C7-2AD16C1FC64B}
		{F837E49F-E795-425E-A523-7978C0BC630F} = {9473EDDB-16E1-4AE2-89C4-2F40E51C98B9}
		{92DC1018-8322-4E1E-9B6F-4470C3FC7B2B} = {BB94F4B9-5D3A-4586-B7C7-2AD16C1FC64B}
		{BB94F4B9-5D3A-4586-B7C7-2AD16C1FC64B} = {468032D0-E99B-4DCC-B9D1-869C131947C5}
		{17FD90D9-8B50-4536-866A-FFB28BCCB238} = {9A2BBEFE-7378-4E84-8FB7-920BF32C2283}
		{C91728B0-59D9-46C8-A380-CEFA17D9BB32} = {468032D0-E99B-4DCC-B9D1-869C131947C5}
		{6BAA30D3-863B-406D-ACAF-8C2660D12FE0} = {C91728B0-59D9-46C8-A380-CEFA17D9BB32}
		{2CBDA97D-E779-49F8-A54C-9667062BB36E} = {F837326E-B73A-4E13-A778-287A702B6186}
		{CB85B7D1-C474-4164-9BE5-89AB9B460048} = {468032D0-E99B-4DCC-B9D1-869C131947C5}
		{9BCA326B-45F1-4A1E-8A33-1DC02073FB50} = {F837326E-B73A-4E13-A778-287A702B6186}
		{9721864E-84F5-4805-8112-9E337831C733} = {9A2BBEFE-7378-4E84-8FB7-920BF32C2283}
		{6B0E2BEC-6601-453A-A6E2-5A21EBFFD0E4} = {C91728B0-59D9-46C8-A380-CEFA17D9BB32}
		{4CA1CD0E-B89C-403E-8BAF-AB5C6341C47A} = {468032D0-E99B-4DCC-B9D1-869C131947C5}
		{E58D8346-7F46-4A20-8444-7A2C583C0D20} = {35DF9287-EACE-4D56-8C69-1B17F4D92991}
		{5D9E8588-3F04-49E6-BCA6-D191D675A1D0} = {35DF9287-EACE-4D56-8C69-1B17F4D92991}
		{84C1A2EF-7292-453A-A9EF-882C41E3EA1B} = {4CA1CD0E-B89C-403E-8BAF-AB5C6341C47A}
		{86C79CCE-413A-4816-9033-5C44593A806D} = {3BB78DC1-BDFA-49ED-842C-5F8C429CBD78}
		{98610C6D-2D03-4CC5-B9A4-9C2C3197882F} = {D72F2EFB-852B-4E1E-B0C0-C09859F94597}
		{9239CDF7-B91D-454C-AE75-09DDC5C95C03} = {468032D0-E99B-4DCC-B9D1-869C131947C5}
		{5C77CE07-C06E-499B-92C3-C288A6FDD150} = {9473EDDB-16E1-4AE2-89C4-2F40E51C98B9}
		{5A4B2C8D-748C-41CA-B589-6E90CEEEED4C} = {BB94F4B9-5D3A-4586-B7C7-2AD16C1FC64B}
		{4D541BA5-112C-65FA-CAD4-E61C7F250C01} = {9473EDDB-16E1-4AE2-89C4-2F40E51C98B9}
		{3D197651-113B-638F-6830-0CD7539303F6} = {F837326E-B73A-4E13-A778-287A702B6186}
		{4DC63F6D-F224-25D5-BB69-94B9DD95C085} = {9473EDDB-16E1-4AE2-89C4-2F40E51C98B9}
		{EE066B5F-FE42-449D-A5D7-2F1A6E380543} = {9A2BBEFE-7378-4E84-8FB7-920BF32C2283}
		{F4007A52-62BA-457F-9E05-426230EEACE3} = {3BB78DC1-BDFA-49ED-842C-5F8C429CBD78}
		{946C372F-1463-01F5-14DA-5DD05B590145} = {02EA681E-C7D8-13C7-8484-4AC65E1B71E8}
		{40ECA035-D8AB-4D9A-BB3A-5486AA4DA760} = {02EA681E-C7D8-13C7-8484-4AC65E1B71E8}
	EndGlobalSection
	GlobalSection(ExtensibilityGlobals) = postSolution
		SolutionGuid = {8EB74582-5E99-4317-87A0-9626007B6698}
	EndGlobalSection
EndGlobal
